PODS:
  - GPUImage (0.1.7)
  - IQKeyboardManagerSwift (6.0.4)
  - TesseractOCRiOS (5.0.1)

DEPENDENCIES:
  - GPUImage (= 0.1.7)
  - IQKeyboardManagerSwift (= 6.0.4)
  - TesseractOCRiOS (= 5.0.1)

SPEC REPOS:
  trunk:
    - GPUImage
    - IQKeyboardManagerSwift
    - TesseractOCRiOS

SPEC CHECKSUMS:
  GPUImage: 733a5f0fab92df9de1c37ba9df520a833ccb406d
  IQKeyboardManagerSwift: 36dbe324b4f9793f5f41ba5227f3e7c76dfefd50
  TesseractOCRiOS: 2c189465f86abb030d0c5141c90da9705b647854

PODFILE CHECKSUM: f48d58c5da1b6beac491ab51a1ed4baa1f596ce7

COCOAPODS: 1.8.4
